{
  "version": 4,
  "terraform_version": "1.14.9",
  "serial": 6,
  "lineage": "cb2af1f7-b959-eab3-2479-c065d4f4a955",
  "outputs": {
    "kms_key_id": {
      "value": "2ae3f3a4-c293-4662-8354-34b49b7900f4",
      "type": "string"
    }
  },
  "resources": [
    {
      "mode": "managed",
      "type": "aws_kms_alias",
      "name": "vrf_alias",
      "provider": "provider[\"registry.terraform.io/hashicorp/aws\"]",
      "instances": [
        {
          "schema_version": 0,
          "attributes": {
            "arn": "arn:aws:kms:us-east-1:086381439723:alias/vrf-signing",
            "id": "alias/vrf-signing",
            "name": "alias/vrf-signing",
            "name_prefix": "",
            "target_key_arn": "arn:aws:kms:us-east-1:086381439723:key/2ae3f3a4-c293-4662-8354-34b49b7900f4",
            "target_key_id": "2ae3f3a4-c293-4662-8354-34b49b7900f4"
          },
          "sensitive_attributes": [],
          "identity_schema_version": 0,
          "private": "bnVsbA==",
          "dependencies": [
            "aws_kms_key.vrf_signing"
          ]
        }
      ]
    },
    {
      "mode": "managed",
      "type": "aws_kms_key",
      "name": "vrf_signing",
      "provider": "provider[\"registry.terraform.io/hashicorp/aws\"]",
      "instances": [
        {
          "schema_version": 0,
          "attributes": {
            "arn": "arn:aws:kms:us-east-1:086381439723:key/2ae3f3a4-c293-4662-8354-34b49b7900f4",
            "bypass_policy_lockout_safety_check": false,
            "custom_key_store_id": "",
            "customer_master_key_spec": "ECC_SECG_P256K1",
            "deletion_window_in_days": 7,
            "description": "KMS key for VRF signing (secp256k1 / ECC_SECG_P256K1)",
            "enable_key_rotation": false,
            "id": "2ae3f3a4-c293-4662-8354-34b49b7900f4",
            "is_enabled": true,
            "key_id": "2ae3f3a4-c293-4662-8354-34b49b7900f4",
            "key_usage": "SIGN_VERIFY",
            "multi_region": false,
            "policy": "{\"Id\":\"key-default-1\",\"Statement\":[{\"Action\":\"kms:*\",\"Effect\":\"Allow\",\"Principal\":{\"AWS\":\"arn:aws:iam::086381439723:root\"},\"Resource\":\"*\",\"Sid\":\"Enable IAM User Permissions\"}],\"Version\":\"2012-10-17\"}",
            "rotation_period_in_days": 0,
            "tags": {
              "Name": "vrf-signing-key",
              "Project": "Stellar-VRF"
            },
            "tags_all": {
              "Name": "vrf-signing-key",
              "Project": "Stellar-VRF"
            },
            "timeouts": null,
            "xks_key_id": ""
          },
          "sensitive_attributes": [],
          "identity_schema_version": 0,
          "private": "eyJlMmJmYjczMC1lY2FhLTExZTYtOGY4OC0zNDM2M2JjN2M0YzAiOnsiY3JlYXRlIjoxMjAwMDAwMDAwMDB9fQ=="
        }
      ]
    }
  ],
  "check_results": null
}
