{
  "version": 4,
  "terraform_version": "1.14.9",
  "serial": 11,
  "lineage": "cb2af1f7-b959-eab3-2479-c065d4f4a955",
  "outputs": {
    "kms_key_id": {
      "value": "2ae3f3a4-c293-4662-8354-34b49b7900f4",
      "type": "string"
    },
    "secret_arn": {
      "value": "arn:aws:secretsmanager:us-east-1:086381439723:secret:vrf/private/vrf_private_key_hex-aHipO7",
      "type": "string"
    }
  },
  "resources": [
    {
      "mode": "managed",
      "type": "aws_kms_alias",
      "name": "vrf_alias",
      "provider": "provider[\"registry.terraform.io/hashicorp/aws\"]",
      "instances": [
        {
          "schema_version": 0,
          "attributes": {
            "arn": "arn:aws:kms:us-east-1:086381439723:alias/vrf-signing",
            "id": "alias/vrf-signing",
            "name": "alias/vrf-signing",
            "name_prefix": "",
            "target_key_arn": "arn:aws:kms:us-east-1:086381439723:key/2ae3f3a4-c293-4662-8354-34b49b7900f4",
            "target_key_id": "2ae3f3a4-c293-4662-8354-34b49b7900f4"
          },
          "sensitive_attributes": [],
          "identity_schema_version": 0,
          "private": "bnVsbA==",
          "dependencies": [
            "aws_kms_key.vrf_signing"
          ]
        }
      ]
    },
    {
      "mode": "managed",
      "type": "aws_kms_alias",
      "name": "vrf_encryption_alias",
      "provider": "provider[\"registry.terraform.io/hashicorp/aws\"]",
      "instances": [
        {
          "schema_version": 0,
          "attributes": {
            "arn": "arn:aws:kms:us-east-1:086381439723:alias/vrf-encryption",
            "id": "alias/vrf-encryption",
            "name": "alias/vrf-encryption",
            "name_prefix": "",
            "target_key_arn": "arn:aws:kms:us-east-1:086381439723:key/6494c792-d197-4609-aed4-7962812b8549",
            "target_key_id": "6494c792-d197-4609-aed4-7962812b8549"
          },
          "sensitive_attributes": [],
          "identity_schema_version": 0,
          "private": "bnVsbA==",
          "dependencies": [
            "aws_kms_key.vrf_encryption"
          ]
        }
      ]
    },
    {
      "mode": "managed",
      "type": "aws_kms_key",
      "name": "vrf_encryption",
      "provider": "provider[\"registry.terraform.io/hashicorp/aws\"]",
      "instances": [
        {
          "schema_version": 0,
          "attributes": {
            "arn": "arn:aws:kms:us-east-1:086381439723:key/6494c792-d197-4609-aed4-7962812b8549",
            "bypass_policy_lockout_safety_check": false,
            "custom_key_store_id": "",
            "customer_master_key_spec": "SYMMETRIC_DEFAULT",
            "deletion_window_in_days": 7,
            "description": "KMS symmetric key for Secrets Manager encryption (VRF secret)",
            "enable_key_rotation": true,
            "id": "6494c792-d197-4609-aed4-7962812b8549",
            "is_enabled": true,
            "key_id": "6494c792-d197-4609-aed4-7962812b8549",
            "key_usage": "ENCRYPT_DECRYPT",
            "multi_region": false,
            "policy": "{\"Id\":\"key-default-1\",\"Statement\":[{\"Action\":\"kms:*\",\"Effect\":\"Allow\",\"Principal\":{\"AWS\":\"arn:aws:iam::086381439723:root\"},\"Resource\":\"*\",\"Sid\":\"Enable IAM User Permissions\"}],\"Version\":\"2012-10-17\"}",
            "rotation_period_in_days": 365,
            "tags": {
              "Name": "vrf-encryption-key",
              "Project": "Stellar-VRF"
            },
            "tags_all": {
              "Name": "vrf-encryption-key",
              "Project": "Stellar-VRF"
            },
            "timeouts": null,
            "xks_key_id": ""
          },
          "sensitive_attributes": [],
          "identity_schema_version": 0,
          "private": "eyJlMmJmYjczMC1lY2FhLTExZTYtOGY4OC0zNDM2M2JjN2M0YzAiOnsiY3JlYXRlIjoxMjAwMDAwMDAwMDB9fQ=="
        }
      ]
    },
    {
      "mode": "managed",
      "type": "aws_kms_key",
      "name": "vrf_signing",
      "provider": "provider[\"registry.terraform.io/hashicorp/aws\"]",
      "instances": [
        {
          "schema_version": 0,
          "attributes": {
            "arn": "arn:aws:kms:us-east-1:086381439723:key/2ae3f3a4-c293-4662-8354-34b49b7900f4",
            "bypass_policy_lockout_safety_check": false,
            "custom_key_store_id": "",
            "customer_master_key_spec": "ECC_SECG_P256K1",
            "deletion_window_in_days": 7,
            "description": "KMS key for VRF signing (secp256k1 / ECC_SECG_P256K1)",
            "enable_key_rotation": false,
            "id": "2ae3f3a4-c293-4662-8354-34b49b7900f4",
            "is_enabled": true,
            "key_id": "2ae3f3a4-c293-4662-8354-34b49b7900f4",
            "key_usage": "SIGN_VERIFY",
            "multi_region": false,
            "policy": "{\"Id\":\"key-default-1\",\"Statement\":[{\"Action\":\"kms:*\",\"Effect\":\"Allow\",\"Principal\":{\"AWS\":\"arn:aws:iam::086381439723:root\"},\"Resource\":\"*\",\"Sid\":\"Enable IAM User Permissions\"}],\"Version\":\"2012-10-17\"}",
            "rotation_period_in_days": 0,
            "tags": {
              "Name": "vrf-signing-key",
              "Project": "Stellar-VRF"
            },
            "tags_all": {
              "Name": "vrf-signing-key",
              "Project": "Stellar-VRF"
            },
            "timeouts": null,
            "xks_key_id": ""
          },
          "sensitive_attributes": [],
          "identity_schema_version": 0,
          "private": "eyJlMmJmYjczMC1lY2FhLTExZTYtOGY4OC0zNDM2M2JjN2M0YzAiOnsiY3JlYXRlIjoxMjAwMDAwMDAwMDB9fQ=="
        }
      ]
    },
    {
      "mode": "managed",
      "type": "aws_secretsmanager_secret",
      "name": "vrf_private",
      "provider": "provider[\"registry.terraform.io/hashicorp/aws\"]",
      "instances": [
        {
          "schema_version": 0,
          "attributes": {
            "arn": "arn:aws:secretsmanager:us-east-1:086381439723:secret:vrf/private/vrf_private_key_hex-aHipO7",
            "description": "Hex-encoded secp256k1 VRF private key (used by api-server).",
            "force_overwrite_replica_secret": false,
            "id": "arn:aws:secretsmanager:us-east-1:086381439723:secret:vrf/private/vrf_private_key_hex-aHipO7",
            "kms_key_id": "6494c792-d197-4609-aed4-7962812b8549",
            "name": "vrf/private/vrf_private_key_hex",
            "name_prefix": "",
            "policy": "",
            "recovery_window_in_days": 30,
            "replica": [],
            "tags": {
              "Project": "Stellar-VRF"
            },
            "tags_all": {
              "Project": "Stellar-VRF"
            }
          },
          "sensitive_attributes": [],
          "identity_schema_version": 0,
          "private": "bnVsbA==",
          "dependencies": [
            "aws_kms_key.vrf_encryption"
          ]
        }
      ]
    },
    {
      "mode": "managed",
      "type": "aws_secretsmanager_secret_version",
      "name": "vrf_private_value",
      "provider": "provider[\"registry.terraform.io/hashicorp/aws\"]",
      "instances": [
        {
          "schema_version": 0,
          "attributes": {
            "arn": "arn:aws:secretsmanager:us-east-1:086381439723:secret:vrf/private/vrf_private_key_hex-aHipO7",
            "has_secret_string_wo": null,
            "id": "arn:aws:secretsmanager:us-east-1:086381439723:secret:vrf/private/vrf_private_key_hex-aHipO7|terraform-20260426095419637400000002",
            "secret_binary": "",
            "secret_id": "arn:aws:secretsmanager:us-east-1:086381439723:secret:vrf/private/vrf_private_key_hex-aHipO7",
            "secret_string": "{\"vrf_private_key_hex\":\"cf1f612f8262fbc366aa1ee595d6c2aac440678179291bc255f99f8ed4ee33de\"}",
            "secret_string_wo": null,
            "secret_string_wo_version": null,
            "version_id": "terraform-20260426095419637400000002",
            "version_stages": [
              "AWSCURRENT"
            ]
          },
          "sensitive_attributes": [
            [
              {
                "type": "get_attr",
                "value": "secret_binary"
              }
            ],
            [
              {
                "type": "get_attr",
                "value": "secret_string"
              }
            ],
            [
              {
                "type": "get_attr",
                "value": "secret_string_wo"
              }
            ]
          ],
          "identity_schema_version": 0,
          "private": "bnVsbA==",
          "dependencies": [
            "aws_kms_key.vrf_encryption",
            "aws_secretsmanager_secret.vrf_private"
          ]
        }
      ]
    }
  ],
  "check_results": null
}
